
Microsoft Visual Studio Solution File, Format Version 12.00
# Visual Studio Version 16
VisualStudioVersion = 16.0.30114.105
MinimumVisualStudioVersion = 10.0.40219.1
Project("{FAE04EC0-301F-11D3-BF4B-00C04F79EFBC}") = "DistServer", "LPS\DistServer.csproj", "{5D6E6DD6-EAF8-4F0F-B71B-F0A4AD24AD12}"
EndProject
Project("{FAE04EC0-301F-11D3-BF4B-00C04F79EFBC}") = "LPS.Common", "LPS.Common\LPS.Common.csproj", "{26EC0E3B-27F3-4EC0-9D2B-D37F687EBC8E}"
EndProject
Project("{FAE04EC0-301F-11D3-BF4B-00C04F79EFBC}") = "Little-Princess-Client", "LPS.Client\Little-Princess-Client.csproj", "{6286E046-EE6B-4AAF-A46D-61987879E21F}"
EndProject
Global
	GlobalSection(SolutionConfigurationPlatforms) = preSolution
		Debug|Any CPU = Debug|Any CPU
		Release|Any CPU = Release|Any CPU
	EndGlobalSection
	GlobalSection(SolutionProperties) = preSolution
		HideSolutionNode = FALSE
	EndGlobalSection
	GlobalSection(ProjectConfigurationPlatforms) = postSolution
		{5D6E6DD6-EAF8-4F0F-B71B-F0A4AD24AD12}.Debug|Any CPU.ActiveCfg = Debug|Any CPU
		{5D6E6DD6-EAF8-4F0F-B71B-F0A4AD24AD12}.Debug|Any CPU.Build.0 = Debug|Any CPU
		{5D6E6DD6-EAF8-4F0F-B71B-F0A4AD24AD12}.Release|Any CPU.ActiveCfg = Release|Any CPU
		{5D6E6DD6-EAF8-4F0F-B71B-F0A4AD24AD12}.Release|Any CPU.Build.0 = Release|Any CPU
		{26EC0E3B-27F3-4EC0-9D2B-D37F687EBC8E}.Debug|Any CPU.ActiveCfg = Debug|Any CPU
		{26EC0E3B-27F3-4EC0-9D2B-D37F687EBC8E}.Debug|Any CPU.Build.0 = Debug|Any CPU
		{26EC0E3B-27F3-4EC0-9D2B-D37F687EBC8E}.Release|Any CPU.ActiveCfg = Release|Any CPU
		{26EC0E3B-27F3-4EC0-9D2B-D37F687EBC8E}.Release|Any CPU.Build.0 = Release|Any CPU
		{6286E046-EE6B-4AAF-A46D-61987879E21F}.Debug|Any CPU.ActiveCfg = Debug|Any CPU
		{6286E046-EE6B-4AAF-A46D-61987879E21F}.Debug|Any CPU.Build.0 = Debug|Any CPU
		{6286E046-EE6B-4AAF-A46D-61987879E21F}.Release|Any CPU.ActiveCfg = Release|Any CPU
		{6286E046-EE6B-4AAF-A46D-61987879E21F}.Release|Any CPU.Build.0 = Release|Any CPU
	EndGlobalSection
EndGlobal
