
Microsoft Visual Studio Solution File, Format Version 12.00
# Visual Studio Version 16
VisualStudioVersion = 16.0.30114.105
MinimumVisualStudioVersion = 10.0.40219.1
Project("{FAE04EC0-301F-11D3-BF4B-00C04F79EFBC}") = "LPS.Common", "LPS.Common\LPS.Common.csproj", "{26EC0E3B-27F3-4EC0-9D2B-D37F687EBC8E}"
EndProject
Project("{FAE04EC0-301F-11D3-BF4B-00C04F79EFBC}") = "LPS.Client", "LPS.Client\LPS.Client.csproj", "{6286E046-EE6B-4AAF-A46D-61987879E21F}"
EndProject
Project("{FAE04EC0-301F-11D3-BF4B-00C04F79EFBC}") = "LPS.Server", "LPS.Server\LPS.Server.csproj", "{B1E27357-760C-45EC-A87C-829CED18C69C}"
EndProject
Global
	GlobalSection(SolutionConfigurationPlatforms) = preSolution
		Debug|Any CPU = Debug|Any CPU
		Release|Any CPU = Release|Any CPU
	EndGlobalSection
	GlobalSection(SolutionProperties) = preSolution
		HideSolutionNode = FALSE
	EndGlobalSection
	GlobalSection(ProjectConfigurationPlatforms) = postSolution
		{26EC0E3B-27F3-4EC0-9D2B-D37F687EBC8E}.Debug|Any CPU.ActiveCfg = Debug|Any CPU
		{26EC0E3B-27F3-4EC0-9D2B-D37F687EBC8E}.Debug|Any CPU.Build.0 = Debug|Any CPU
		{26EC0E3B-27F3-4EC0-9D2B-D37F687EBC8E}.Release|Any CPU.ActiveCfg = Release|Any CPU
		{26EC0E3B-27F3-4EC0-9D2B-D37F687EBC8E}.Release|Any CPU.Build.0 = Release|Any CPU
		{6286E046-EE6B-4AAF-A46D-61987879E21F}.Debug|Any CPU.ActiveCfg = Debug|Any CPU
		{6286E046-EE6B-4AAF-A46D-61987879E21F}.Debug|Any CPU.Build.0 = Debug|Any CPU
		{6286E046-EE6B-4AAF-A46D-61987879E21F}.Release|Any CPU.ActiveCfg = Release|Any CPU
		{6286E046-EE6B-4AAF-A46D-61987879E21F}.Release|Any CPU.Build.0 = Release|Any CPU
		{B1E27357-760C-45EC-A87C-829CED18C69C}.Debug|Any CPU.ActiveCfg = Debug|Any CPU
		{B1E27357-760C-45EC-A87C-829CED18C69C}.Debug|Any CPU.Build.0 = Debug|Any CPU
		{B1E27357-760C-45EC-A87C-829CED18C69C}.Release|Any CPU.ActiveCfg = Release|Any CPU
		{B1E27357-760C-45EC-A87C-829CED18C69C}.Release|Any CPU.Build.0 = Release|Any CPU
	EndGlobalSection
EndGlobal
