
Microsoft Visual Studio Solution File, Format Version 12.00
# Visual Studio Version 16
VisualStudioVersion = 16.0.30114.105
MinimumVisualStudioVersion = 10.0.40219.1
Project("{FAE04EC0-301F-11D3-BF4B-00C04F79EFBC}") = "LPS.Common", "LPS.Common\LPS.Common.csproj", "{26EC0E3B-27F3-4EC0-9D2B-D37F687EBC8E}"
EndProject
Project("{FAE04EC0-301F-11D3-BF4B-00C04F79EFBC}") = "LPS.Client", "LPS.Client\LPS.Client.csproj", "{6286E046-EE6B-4AAF-A46D-61987879E21F}"
EndProject
Project("{FAE04EC0-301F-11D3-BF4B-00C04F79EFBC}") = "LPS.Server", "LPS.Server\LPS.Server.csproj", "{B1E27357-760C-45EC-A87C-829CED18C69C}"
EndProject
Project("{FAE04EC0-301F-11D3-BF4B-00C04F79EFBC}") = "LPS.UnitTest", "LPS.UnitTest\LPS.UnitTest.csproj", "{0D42FD17-045E-4607-92A5-025B735272DD}"
EndProject
Project("{FAE04EC0-301F-11D3-BF4B-00C04F79EFBC}") = "LPS.BenchMark", "LPS.BenchMark\LPS.BenchMark.csproj", "{91A98EFB-E77F-49D5-BDA9-5457D7C23755}"
EndProject
Project("{FAE04EC0-301F-11D3-BF4B-00C04F79EFBC}") = "LPS.Client.Demo", "LPS.Client.Demo\LPS.Client.Demo.csproj", "{4BECB9DB-1E2B-4FE1-99B5-E968E403A077}"
EndProject
Project("{FAE04EC0-301F-11D3-BF4B-00C04F79EFBC}") = "LPS.Server.Demo", "LPS.Server.Demo\LPS.Server.Demo.csproj", "{8DB5EB5C-B14A-4CE2-8BE5-6BB0AAFE5A2B}"
EndProject
Global
	GlobalSection(SolutionConfigurationPlatforms) = preSolution
		Debug|Any CPU = Debug|Any CPU
		Release|Any CPU = Release|Any CPU
	EndGlobalSection
	GlobalSection(SolutionProperties) = preSolution
		HideSolutionNode = FALSE
	EndGlobalSection
	GlobalSection(ProjectConfigurationPlatforms) = postSolution
		{26EC0E3B-27F3-4EC0-9D2B-D37F687EBC8E}.Debug|Any CPU.ActiveCfg = Debug|Any CPU
		{26EC0E3B-27F3-4EC0-9D2B-D37F687EBC8E}.Debug|Any CPU.Build.0 = Debug|Any CPU
		{26EC0E3B-27F3-4EC0-9D2B-D37F687EBC8E}.Release|Any CPU.ActiveCfg = Release|Any CPU
		{26EC0E3B-27F3-4EC0-9D2B-D37F687EBC8E}.Release|Any CPU.Build.0 = Release|Any CPU
		{6286E046-EE6B-4AAF-A46D-61987879E21F}.Debug|Any CPU.ActiveCfg = Debug|Any CPU
		{6286E046-EE6B-4AAF-A46D-61987879E21F}.Debug|Any CPU.Build.0 = Debug|Any CPU
		{6286E046-EE6B-4AAF-A46D-61987879E21F}.Release|Any CPU.ActiveCfg = Release|Any CPU
		{6286E046-EE6B-4AAF-A46D-61987879E21F}.Release|Any CPU.Build.0 = Release|Any CPU
		{B1E27357-760C-45EC-A87C-829CED18C69C}.Debug|Any CPU.ActiveCfg = Debug|Any CPU
		{B1E27357-760C-45EC-A87C-829CED18C69C}.Debug|Any CPU.Build.0 = Debug|Any CPU
		{B1E27357-760C-45EC-A87C-829CED18C69C}.Release|Any CPU.ActiveCfg = Release|Any CPU
		{B1E27357-760C-45EC-A87C-829CED18C69C}.Release|Any CPU.Build.0 = Release|Any CPU
		{0D42FD17-045E-4607-92A5-025B735272DD}.Debug|Any CPU.ActiveCfg = Debug|Any CPU
		{0D42FD17-045E-4607-92A5-025B735272DD}.Debug|Any CPU.Build.0 = Debug|Any CPU
		{0D42FD17-045E-4607-92A5-025B735272DD}.Release|Any CPU.ActiveCfg = Release|Any CPU
		{0D42FD17-045E-4607-92A5-025B735272DD}.Release|Any CPU.Build.0 = Release|Any CPU
		{91A98EFB-E77F-49D5-BDA9-5457D7C23755}.Debug|Any CPU.ActiveCfg = Debug|Any CPU
		{91A98EFB-E77F-49D5-BDA9-5457D7C23755}.Debug|Any CPU.Build.0 = Debug|Any CPU
		{91A98EFB-E77F-49D5-BDA9-5457D7C23755}.Release|Any CPU.ActiveCfg = Release|Any CPU
		{91A98EFB-E77F-49D5-BDA9-5457D7C23755}.Release|Any CPU.Build.0 = Release|Any CPU
		{4BECB9DB-1E2B-4FE1-99B5-E968E403A077}.Debug|Any CPU.ActiveCfg = Debug|Any CPU
		{4BECB9DB-1E2B-4FE1-99B5-E968E403A077}.Debug|Any CPU.Build.0 = Debug|Any CPU
		{4BECB9DB-1E2B-4FE1-99B5-E968E403A077}.Release|Any CPU.ActiveCfg = Release|Any CPU
		{4BECB9DB-1E2B-4FE1-99B5-E968E403A077}.Release|Any CPU.Build.0 = Release|Any CPU
		{8DB5EB5C-B14A-4CE2-8BE5-6BB0AAFE5A2B}.Debug|Any CPU.ActiveCfg = Debug|Any CPU
		{8DB5EB5C-B14A-4CE2-8BE5-6BB0AAFE5A2B}.Debug|Any CPU.Build.0 = Debug|Any CPU
		{8DB5EB5C-B14A-4CE2-8BE5-6BB0AAFE5A2B}.Release|Any CPU.ActiveCfg = Release|Any CPU
		{8DB5EB5C-B14A-4CE2-8BE5-6BB0AAFE5A2B}.Release|Any CPU.Build.0 = Release|Any CPU
	EndGlobalSection
EndGlobal
